
Microsoft Visual Studio Solution File, Format Version 12.00
# Visual Studio 14
VisualStudioVersion = 14.0.24720.0
MinimumVisualStudioVersion = 10.0.40219.1
Project("{FAE04EC0-301F-11D3-BF4B-00C04F79EFBC}") = "Apresentacao3", "ControleDivida\Apresentacao3.csproj", "{11B346D6-B5B1-43A1-B0C0-448331898944}"
EndProject
Project("{FAE04EC0-301F-11D3-BF4B-00C04F79EFBC}") = "Dados", "Apresentacao\Dados.csproj", "{69FDDB31-EBD8-4D62-9D9B-79C621B740B4}"
EndProject
Project("{FAE04EC0-301F-11D3-BF4B-00C04F79EFBC}") = "Modelo", "Modelo\Modelo.csproj", "{A14903AC-3E3C-4155-A1E8-9D832D0711A4}"
EndProject
Project("{FAE04EC0-301F-11D3-BF4B-00C04F79EFBC}") = "Negocios", "Negocios\Negocios.csproj", "{9C20DA85-1E50-446F-BD99-E8AE0BF82C65}"
EndProject
Project("{FAE04EC0-301F-11D3-BF4B-00C04F79EFBC}") = "Apresentacao", "Apresentacao2\Apresentacao.csproj", "{562EF71E-FCA3-4F6A-A800-5B659EE3FE2D}"
EndProject
Global
	GlobalSection(SolutionConfigurationPlatforms) = preSolution
		Debug|Any CPU = Debug|Any CPU
		Release|Any CPU = Release|Any CPU
	EndGlobalSection
	GlobalSection(ProjectConfigurationPlatforms) = postSolution
		{11B346D6-B5B1-43A1-B0C0-448331898944}.Debug|Any CPU.ActiveCfg = Debug|Any CPU
		{11B346D6-B5B1-43A1-B0C0-448331898944}.Debug|Any CPU.Build.0 = Debug|Any CPU
		{11B346D6-B5B1-43A1-B0C0-448331898944}.Release|Any CPU.ActiveCfg = Release|Any CPU
		{11B346D6-B5B1-43A1-B0C0-448331898944}.Release|Any CPU.Build.0 = Release|Any CPU
		{69FDDB31-EBD8-4D62-9D9B-79C621B740B4}.Debug|Any CPU.ActiveCfg = Debug|Any CPU
		{69FDDB31-EBD8-4D62-9D9B-79C621B740B4}.Debug|Any CPU.Build.0 = Debug|Any CPU
		{69FDDB31-EBD8-4D62-9D9B-79C621B740B4}.Release|Any CPU.ActiveCfg = Release|Any CPU
		{69FDDB31-EBD8-4D62-9D9B-79C621B740B4}.Release|Any CPU.Build.0 = Release|Any CPU
		{A14903AC-3E3C-4155-A1E8-9D832D0711A4}.Debug|Any CPU.ActiveCfg = Debug|Any CPU
		{A14903AC-3E3C-4155-A1E8-9D832D0711A4}.Debug|Any CPU.Build.0 = Debug|Any CPU
		{A14903AC-3E3C-4155-A1E8-9D832D0711A4}.Release|Any CPU.ActiveCfg = Release|Any CPU
		{A14903AC-3E3C-4155-A1E8-9D832D0711A4}.Release|Any CPU.Build.0 = Release|Any CPU
		{9C20DA85-1E50-446F-BD99-E8AE0BF82C65}.Debug|Any CPU.ActiveCfg = Debug|Any CPU
		{9C20DA85-1E50-446F-BD99-E8AE0BF82C65}.Debug|Any CPU.Build.0 = Debug|Any CPU
		{9C20DA85-1E50-446F-BD99-E8AE0BF82C65}.Release|Any CPU.ActiveCfg = Release|Any CPU
		{9C20DA85-1E50-446F-BD99-E8AE0BF82C65}.Release|Any CPU.Build.0 = Release|Any CPU
		{562EF71E-FCA3-4F6A-A800-5B659EE3FE2D}.Debug|Any CPU.ActiveCfg = Debug|Any CPU
		{562EF71E-FCA3-4F6A-A800-5B659EE3FE2D}.Debug|Any CPU.Build.0 = Debug|Any CPU
		{562EF71E-FCA3-4F6A-A800-5B659EE3FE2D}.Release|Any CPU.ActiveCfg = Release|Any CPU
		{562EF71E-FCA3-4F6A-A800-5B659EE3FE2D}.Release|Any CPU.Build.0 = Release|Any CPU
	EndGlobalSection
	GlobalSection(SolutionProperties) = preSolution
		HideSolutionNode = FALSE
	EndGlobalSection
EndGlobal
